
Microsoft Visual Studio Solution File, Format Version 12.00
# Visual Studio Version 16
VisualStudioVersion = 16.0.31313.79
MinimumVisualStudioVersion = 10.0.40219.1
Project("{FAE04EC0-301F-11D3-BF4B-00C04F79EFBC}") = "winUniversityPortal", "winUniversityPortal\winUniversityPortal.csproj", "{9CB6285E-01C4-4F73-8911-E0EF7A359679}"
EndProject
Global
	GlobalSection(SolutionConfigurationPlatforms) = preSolution
		Debug|Any CPU = Debug|Any CPU
		Release|Any CPU = Release|Any CPU
	EndGlobalSection
	GlobalSection(ProjectConfigurationPlatforms) = postSolution
		{9CB6285E-01C4-4F73-8911-E0EF7A359679}.Debug|Any CPU.ActiveCfg = Debug|Any CPU
		{9CB6285E-01C4-4F73-8911-E0EF7A359679}.Debug|Any CPU.Build.0 = Debug|Any CPU
		{9CB6285E-01C4-4F73-8911-E0EF7A359679}.Release|Any CPU.ActiveCfg = Release|Any CPU
		{9CB6285E-01C4-4F73-8911-E0EF7A359679}.Release|Any CPU.Build.0 = Release|Any CPU
	EndGlobalSection
	GlobalSection(SolutionProperties) = preSolution
		HideSolutionNode = FALSE
	EndGlobalSection
	GlobalSection(ExtensibilityGlobals) = postSolution
		SolutionGuid = {7F3924E4-FE0A-4018-9F00-0EBB58BAFF16}
	EndGlobalSection
EndGlobal
